{
  "name": "kequserver",
  "version": "1.0.0",
  "lockfileVersion": 2,
  "requires": true,
  "packages": {
    "": {
      "version": "1.0.0",
      "license": "ISC",
      "devDependencies": {
        "kequtest": "^0.2.25"
      }
    },
    "node_modules/kequtest": {
      "version": "0.2.25",
      "resolved": "https://registry.npmjs.org/kequtest/-/kequtest-0.2.25.tgz",
      "integrity": "sha512-LklBNSGIAUyVUV4d1QhRHH9u83+aj433q1wgB7RRTIJ3UQjzBNIilX+0seC+KAyjjBS2OMrqENE0K5y9V79Tlw==",
      "dev": true,
      "bin": {
        "kequtest": "index.js"
      }
    }
  },
  "dependencies": {
    "kequtest": {
      "version": "0.2.25",
      "resolved": "https://registry.npmjs.org/kequtest/-/kequtest-0.2.25.tgz",
      "integrity": "sha512-LklBNSGIAUyVUV4d1QhRHH9u83+aj433q1wgB7RRTIJ3UQjzBNIilX+0seC+KAyjjBS2OMrqENE0K5y9V79Tlw==",
      "dev": true
    }
  }
}
